
Microsoft Visual Studio Solution File, Format Version 12.00
# Visual Studio 2013
VisualStudioVersion = 12.0.31101.0
MinimumVisualStudioVersion = 10.0.40219.1
Project("{FAE04EC0-301F-11D3-BF4B-00C04F79EFBC}") = "Z28", "Z28\Z28.csproj", "{830A44D1-54D6-40CB-A964-F857A76FCCBF}"
EndProject
Global
	GlobalSection(SolutionConfigurationPlatforms) = preSolution
		Debug|Any CPU = Debug|Any CPU
		Release|Any CPU = Release|Any CPU
	EndGlobalSection
	GlobalSection(ProjectConfigurationPlatforms) = postSolution
		{830A44D1-54D6-40CB-A964-F857A76FCCBF}.Debug|Any CPU.ActiveCfg = Debug|Any CPU
		{830A44D1-54D6-40CB-A964-F857A76FCCBF}.Debug|Any CPU.Build.0 = Debug|Any CPU
		{830A44D1-54D6-40CB-A964-F857A76FCCBF}.Release|Any CPU.ActiveCfg = Release|Any CPU
		{830A44D1-54D6-40CB-A964-F857A76FCCBF}.Release|Any CPU.Build.0 = Release|Any CPU
	EndGlobalSection
	GlobalSection(SolutionProperties) = preSolution
		HideSolutionNode = FALSE
	EndGlobalSection
EndGlobal
