
Microsoft Visual Studio Solution File, Format Version 12.00
# Visual Studio 2013
VisualStudioVersion = 12.0.31101.0
MinimumVisualStudioVersion = 10.0.40219.1
Project("{FAE04EC0-301F-11D3-BF4B-00C04F79EFBC}") = "piServer", "Dijagram_slijeda\piServer.csproj", "{A1DBB814-E446-4186-9478-EA08E9A9D7BE}"
EndProject
Project("{FAE04EC0-301F-11D3-BF4B-00C04F79EFBC}") = "piClient", "piClient\piClient.csproj", "{8BE0047F-46A9-4CA2-A036-0543CB9C531C}"
EndProject
Global
	GlobalSection(SolutionConfigurationPlatforms) = preSolution
		Debug|Any CPU = Debug|Any CPU
		Release|Any CPU = Release|Any CPU
	EndGlobalSection
	GlobalSection(ProjectConfigurationPlatforms) = postSolution
		{A1DBB814-E446-4186-9478-EA08E9A9D7BE}.Debug|Any CPU.ActiveCfg = Debug|Any CPU
		{A1DBB814-E446-4186-9478-EA08E9A9D7BE}.Debug|Any CPU.Build.0 = Debug|Any CPU
		{A1DBB814-E446-4186-9478-EA08E9A9D7BE}.Release|Any CPU.ActiveCfg = Release|Any CPU
		{A1DBB814-E446-4186-9478-EA08E9A9D7BE}.Release|Any CPU.Build.0 = Release|Any CPU
		{8BE0047F-46A9-4CA2-A036-0543CB9C531C}.Debug|Any CPU.ActiveCfg = Debug|Any CPU
		{8BE0047F-46A9-4CA2-A036-0543CB9C531C}.Debug|Any CPU.Build.0 = Debug|Any CPU
		{8BE0047F-46A9-4CA2-A036-0543CB9C531C}.Release|Any CPU.ActiveCfg = Release|Any CPU
		{8BE0047F-46A9-4CA2-A036-0543CB9C531C}.Release|Any CPU.Build.0 = Release|Any CPU
	EndGlobalSection
	GlobalSection(SolutionProperties) = preSolution
		HideSolutionNode = FALSE
	EndGlobalSection
EndGlobal
